
Microsoft Visual Studio Solution File, Format Version 12.00
# Visual Studio Version 17
VisualStudioVersion = 17.8.34309.116
MinimumVisualStudioVersion = 10.0.40219.1
Project("{9A19103F-16F7-4668-BE54-9A1E7A4F7556}") = "Addressbook.shared", "Addressbook.shared\Addressbook.shared.csproj", "{2D1A8768-F354-4504-B2C1-B5A92A1F8060}"
EndProject
Project("{9A19103F-16F7-4668-BE54-9A1E7A4F7556}") = "Addressbook.Console", "Addressbook.Console\Addressbook.Console.csproj", "{127F0016-3CF2-4656-9F03-2F4DBBD920BA}"
EndProject
Project("{9A19103F-16F7-4668-BE54-9A1E7A4F7556}") = "AddressBook.WPF", "AddressBook.WPF\AddressBook.WPF.csproj", "{771849A9-75B6-41C0-9F5F-6C520D557C62}"
EndProject
Project("{9A19103F-16F7-4668-BE54-9A1E7A4F7556}") = "Addressbook.Console.Tests", "Addressbook.Console.Tests\Addressbook.Console.Tests.csproj", "{F9D0106E-8E1D-4C64-8731-1D6C72756605}"
EndProject
Project("{FAE04EC0-301F-11D3-BF4B-00C04F79EFBC}") = "Addressbook.WPF.Test", "Addressbook.WPF.Test\Addressbook.WPF.Test.csproj", "{AF9B5808-1957-4505-B9A2-89F54E5B672F}"
EndProject
Global
	GlobalSection(SolutionConfigurationPlatforms) = preSolution
		Debug|Any CPU = Debug|Any CPU
		Release|Any CPU = Release|Any CPU
	EndGlobalSection
	GlobalSection(ProjectConfigurationPlatforms) = postSolution
		{2D1A8768-F354-4504-B2C1-B5A92A1F8060}.Debug|Any CPU.ActiveCfg = Debug|Any CPU
		{2D1A8768-F354-4504-B2C1-B5A92A1F8060}.Debug|Any CPU.Build.0 = Debug|Any CPU
		{2D1A8768-F354-4504-B2C1-B5A92A1F8060}.Release|Any CPU.ActiveCfg = Release|Any CPU
		{2D1A8768-F354-4504-B2C1-B5A92A1F8060}.Release|Any CPU.Build.0 = Release|Any CPU
		{127F0016-3CF2-4656-9F03-2F4DBBD920BA}.Debug|Any CPU.ActiveCfg = Debug|Any CPU
		{127F0016-3CF2-4656-9F03-2F4DBBD920BA}.Debug|Any CPU.Build.0 = Debug|Any CPU
		{127F0016-3CF2-4656-9F03-2F4DBBD920BA}.Release|Any CPU.ActiveCfg = Release|Any CPU
		{127F0016-3CF2-4656-9F03-2F4DBBD920BA}.Release|Any CPU.Build.0 = Release|Any CPU
		{771849A9-75B6-41C0-9F5F-6C520D557C62}.Debug|Any CPU.ActiveCfg = Debug|Any CPU
		{771849A9-75B6-41C0-9F5F-6C520D557C62}.Debug|Any CPU.Build.0 = Debug|Any CPU
		{771849A9-75B6-41C0-9F5F-6C520D557C62}.Release|Any CPU.ActiveCfg = Release|Any CPU
		{771849A9-75B6-41C0-9F5F-6C520D557C62}.Release|Any CPU.Build.0 = Release|Any CPU
		{F9D0106E-8E1D-4C64-8731-1D6C72756605}.Debug|Any CPU.ActiveCfg = Debug|Any CPU
		{F9D0106E-8E1D-4C64-8731-1D6C72756605}.Debug|Any CPU.Build.0 = Debug|Any CPU
		{F9D0106E-8E1D-4C64-8731-1D6C72756605}.Release|Any CPU.ActiveCfg = Release|Any CPU
		{F9D0106E-8E1D-4C64-8731-1D6C72756605}.Release|Any CPU.Build.0 = Release|Any CPU
		{AF9B5808-1957-4505-B9A2-89F54E5B672F}.Debug|Any CPU.ActiveCfg = Debug|Any CPU
		{AF9B5808-1957-4505-B9A2-89F54E5B672F}.Debug|Any CPU.Build.0 = Debug|Any CPU
		{AF9B5808-1957-4505-B9A2-89F54E5B672F}.Release|Any CPU.ActiveCfg = Release|Any CPU
		{AF9B5808-1957-4505-B9A2-89F54E5B672F}.Release|Any CPU.Build.0 = Release|Any CPU
	EndGlobalSection
	GlobalSection(SolutionProperties) = preSolution
		HideSolutionNode = FALSE
	EndGlobalSection
	GlobalSection(ExtensibilityGlobals) = postSolution
		SolutionGuid = {4695680F-F639-4D56-83B7-FEF6405133DC}
	EndGlobalSection
EndGlobal
